
Microsoft Visual Studio Solution File, Format Version 12.00
# Visual Studio Version 16
VisualStudioVersion = 16.0.31025.109
MinimumVisualStudioVersion = 10.0.40219.1
Project("{FAE04EC0-301F-11D3-BF4B-00C04F79EFBC}") = "DockerDemo", "DockerDemo.csproj", "{04249C29-4ABC-4E1E-9F50-55535EA60040}"
EndProject
Global
	GlobalSection(SolutionConfigurationPlatforms) = preSolution
		Debug|Any CPU = Debug|Any CPU
		Release|Any CPU = Release|Any CPU
	EndGlobalSection
	GlobalSection(ProjectConfigurationPlatforms) = postSolution
		{04249C29-4ABC-4E1E-9F50-55535EA60040}.Debug|Any CPU.ActiveCfg = Debug|Any CPU
		{04249C29-4ABC-4E1E-9F50-55535EA60040}.Debug|Any CPU.Build.0 = Debug|Any CPU
		{04249C29-4ABC-4E1E-9F50-55535EA60040}.Release|Any CPU.ActiveCfg = Release|Any CPU
		{04249C29-4ABC-4E1E-9F50-55535EA60040}.Release|Any CPU.Build.0 = Release|Any CPU
	EndGlobalSection
	GlobalSection(SolutionProperties) = preSolution
		HideSolutionNode = FALSE
	EndGlobalSection
	GlobalSection(ExtensibilityGlobals) = postSolution
		SolutionGuid = {C8A787DF-3A5B-4AD0-A7DA-EB326907CAFC}
	EndGlobalSection
EndGlobal
